
Microsoft Visual Studio Solution File, Format Version 12.00
# Visual Studio Version 17
VisualStudioVersion = 17.4.33110.190
MinimumVisualStudioVersion = 10.0.40219.1
Project("{9A19103F-16F7-4668-BE54-9A1E7A4F7556}") = "SaleStore", "SaleStore\SaleStore.csproj", "{5E21E60F-C673-4B61-AFBD-B28F43725D9D}"
EndProject
Project("{FAE04EC0-301F-11D3-BF4B-00C04F79EFBC}") = "SaleStore.DataAccess", "SaleStore.DataAccess\SaleStore.DataAccess.csproj", "{CCC8A6B9-54DA-483E-90B7-D61E40519CBE}"
EndProject
Project("{FAE04EC0-301F-11D3-BF4B-00C04F79EFBC}") = "SaleStore.Model", "SaleStore.Models\SaleStore.Model.csproj", "{AD892B0E-07FA-4E37-AE4C-D4A1BCE294CC}"
EndProject
Project("{FAE04EC0-301F-11D3-BF4B-00C04F79EFBC}") = "SaleStore.Utility", "SaleStore.Utility\SaleStore.Utility.csproj", "{52322E0F-DD47-44EC-B976-3CDB248BC9E7}"
EndProject
Global
	GlobalSection(SolutionConfigurationPlatforms) = preSolution
		Debug|Any CPU = Debug|Any CPU
		Release|Any CPU = Release|Any CPU
	EndGlobalSection
	GlobalSection(ProjectConfigurationPlatforms) = postSolution
		{5E21E60F-C673-4B61-AFBD-B28F43725D9D}.Debug|Any CPU.ActiveCfg = Debug|Any CPU
		{5E21E60F-C673-4B61-AFBD-B28F43725D9D}.Debug|Any CPU.Build.0 = Debug|Any CPU
		{5E21E60F-C673-4B61-AFBD-B28F43725D9D}.Release|Any CPU.ActiveCfg = Release|Any CPU
		{5E21E60F-C673-4B61-AFBD-B28F43725D9D}.Release|Any CPU.Build.0 = Release|Any CPU
		{CCC8A6B9-54DA-483E-90B7-D61E40519CBE}.Debug|Any CPU.ActiveCfg = Debug|Any CPU
		{CCC8A6B9-54DA-483E-90B7-D61E40519CBE}.Debug|Any CPU.Build.0 = Debug|Any CPU
		{CCC8A6B9-54DA-483E-90B7-D61E40519CBE}.Release|Any CPU.ActiveCfg = Release|Any CPU
		{CCC8A6B9-54DA-483E-90B7-D61E40519CBE}.Release|Any CPU.Build.0 = Release|Any CPU
		{AD892B0E-07FA-4E37-AE4C-D4A1BCE294CC}.Debug|Any CPU.ActiveCfg = Debug|Any CPU
		{AD892B0E-07FA-4E37-AE4C-D4A1BCE294CC}.Debug|Any CPU.Build.0 = Debug|Any CPU
		{AD892B0E-07FA-4E37-AE4C-D4A1BCE294CC}.Release|Any CPU.ActiveCfg = Release|Any CPU
		{AD892B0E-07FA-4E37-AE4C-D4A1BCE294CC}.Release|Any CPU.Build.0 = Release|Any CPU
		{52322E0F-DD47-44EC-B976-3CDB248BC9E7}.Debug|Any CPU.ActiveCfg = Debug|Any CPU
		{52322E0F-DD47-44EC-B976-3CDB248BC9E7}.Debug|Any CPU.Build.0 = Debug|Any CPU
		{52322E0F-DD47-44EC-B976-3CDB248BC9E7}.Release|Any CPU.ActiveCfg = Release|Any CPU
		{52322E0F-DD47-44EC-B976-3CDB248BC9E7}.Release|Any CPU.Build.0 = Release|Any CPU
	EndGlobalSection
	GlobalSection(SolutionProperties) = preSolution
		HideSolutionNode = FALSE
	EndGlobalSection
	GlobalSection(ExtensibilityGlobals) = postSolution
		SolutionGuid = {831E9C58-BCEB-4308-9E48-020EFDA2D62E}
	EndGlobalSection
EndGlobal
